{
  "version": 4,
  "terraform_version": "1.9.2",
  "serial": 105,
  "lineage": "a378621b-e74f-cdf2-e1f5-977211edf4c6",
  "outputs": {
    "artifact_registry_repo": {
      "value": "finai-mitra",
      "type": "string"
    },
    "feedback_bucket": {
      "value": "finai-feedback",
      "type": "string"
    },
    "service_account_email": {
      "value": "cloudrun-finai@dev-env-ayush.iam.gserviceaccount.com",
      "type": "string"
    }
  },
  "resources": [
    {
      "module": "module.artifact_registry",
      "mode": "managed",
      "type": "google_artifact_registry_repository",
      "name": "repo",
      "provider": "provider[\"registry.terraform.io/hashicorp/google\"]",
      "instances": [
        {
          "schema_version": 0,
          "attributes": {
            "cleanup_policies": [],
            "cleanup_policy_dry_run": false,
            "create_time": "2025-07-24T05:35:08.510023Z",
            "description": "Docker images for FinAI Mitra app",
            "docker_config": [],
            "effective_labels": {},
            "format": "DOCKER",
            "id": "projects/dev-env-ayush/locations/us-central1/repositories/finai-mitra",
            "kms_key_name": "",
            "labels": {},
            "location": "us-central1",
            "maven_config": [],
            "mode": "STANDARD_REPOSITORY",
            "name": "finai-mitra",
            "project": "dev-env-ayush",
            "remote_repository_config": [],
            "repository_id": "finai-mitra",
            "terraform_labels": {},
            "timeouts": null,
            "update_time": "2025-07-24T19:38:05.654860Z",
            "virtual_repository_config": []
          },
          "sensitive_attributes": [],
          "private": "eyJlMmJmYjczMC1lY2FhLTExZTYtOGY4OC0zNDM2M2JjN2M0YzAiOnsiY3JlYXRlIjoxMjAwMDAwMDAwMDAwLCJkZWxldGUiOjEyMDAwMDAwMDAwMDAsInVwZGF0ZSI6MTIwMDAwMDAwMDAwMH19"
        }
      ]
    },
    {
      "module": "module.cloudrun",
      "mode": "managed",
      "type": "google_cloud_run_service",
      "name": "finai",
      "provider": "provider[\"registry.terraform.io/hashicorp/google\"]",
      "instances": [
        {
          "status": "tainted",
          "schema_version": 2,
          "attributes": {
            "autogenerate_revision_name": false,
            "id": "locations/us-central1/namespaces/dev-env-ayush/services/finai-mitra",
            "location": "us-central1",
            "metadata": null,
            "name": "finai-mitra",
            "project": "dev-env-ayush",
            "status": null,
            "template": [
              {
                "metadata": [],
                "spec": [
                  {
                    "container_concurrency": 0,
                    "containers": [
                      {
                        "args": null,
                        "command": null,
                        "env": [],
                        "env_from": [],
                        "image": "us-central1-docker.pkg.dev/dev-env-ayush/finai-mitra/finai-mitra:latest",
                        "liveness_probe": [],
                        "name": "",
                        "ports": [
                          {
                            "container_port": 8080,
                            "name": "",
                            "protocol": ""
                          }
                        ],
                        "resources": [
                          {
                            "limits": {
                              "cpu": "1000m",
                              "memory": "512Mi"
                            },
                            "requests": null
                          }
                        ],
                        "startup_probe": [],
                        "volume_mounts": [],
                        "working_dir": ""
                      }
                    ],
                    "service_account_name": "cloudrun-finai@dev-env-ayush.iam.gserviceaccount.com",
                    "serving_state": "",
                    "timeout_seconds": 300,
                    "volumes": []
                  }
                ]
              }
            ],
            "timeouts": null,
            "traffic": [
              {
                "latest_revision": true,
                "percent": 100,
                "revision_name": "",
                "tag": "",
                "url": ""
              }
            ]
          },
          "sensitive_attributes": [],
          "private": "eyJlMmJmYjczMC1lY2FhLTExZTYtOGY4OC0zNDM2M2JjN2M0YzAiOnsiY3JlYXRlIjoxMjAwMDAwMDAwMDAwLCJkZWxldGUiOjEyMDAwMDAwMDAwMDAsInVwZGF0ZSI6MTIwMDAwMDAwMDAwMH0sInNjaGVtYV92ZXJzaW9uIjoiMiJ9",
          "dependencies": [
            "module.service_account.google_service_account.this"
          ]
        }
      ]
    },
    {
      "module": "module.iam_bindings",
      "mode": "managed",
      "type": "google_project_iam_member",
      "name": "bindings",
      "provider": "provider[\"registry.terraform.io/hashicorp/google\"]",
      "instances": [
        {
          "index_key": "roles/aiplatform.user",
          "schema_version": 0,
          "attributes": {
            "condition": [],
            "etag": "BwY6sepKw0c=",
            "id": "dev-env-ayush/roles/aiplatform.user/serviceAccount:cloudrun-finai@dev-env-ayush.iam.gserviceaccount.com",
            "member": "serviceAccount:cloudrun-finai@dev-env-ayush.iam.gserviceaccount.com",
            "project": "dev-env-ayush",
            "role": "roles/aiplatform.user"
          },
          "sensitive_attributes": [],
          "private": "bnVsbA==",
          "dependencies": [
            "module.service_account.google_service_account.this"
          ]
        },
        {
          "index_key": "roles/editor",
          "schema_version": 0,
          "attributes": {
            "condition": [],
            "etag": "BwY6sepKw0c=",
            "id": "dev-env-ayush/roles/editor/serviceAccount:cloudrun-finai@dev-env-ayush.iam.gserviceaccount.com",
            "member": "serviceAccount:cloudrun-finai@dev-env-ayush.iam.gserviceaccount.com",
            "project": "dev-env-ayush",
            "role": "roles/editor"
          },
          "sensitive_attributes": [],
          "private": "bnVsbA==",
          "dependencies": [
            "module.service_account.google_service_account.this"
          ]
        },
        {
          "index_key": "roles/secretmanager.secretAccessor",
          "schema_version": 0,
          "attributes": {
            "condition": [],
            "etag": "BwY6sepKw0c=",
            "id": "dev-env-ayush/roles/secretmanager.secretAccessor/serviceAccount:cloudrun-finai@dev-env-ayush.iam.gserviceaccount.com",
            "member": "serviceAccount:cloudrun-finai@dev-env-ayush.iam.gserviceaccount.com",
            "project": "dev-env-ayush",
            "role": "roles/secretmanager.secretAccessor"
          },
          "sensitive_attributes": [],
          "private": "bnVsbA==",
          "dependencies": [
            "module.service_account.google_service_account.this"
          ]
        },
        {
          "index_key": "roles/storage.objectViewer",
          "schema_version": 0,
          "attributes": {
            "condition": [],
            "etag": "BwY6sepKw0c=",
            "id": "dev-env-ayush/roles/storage.objectViewer/serviceAccount:cloudrun-finai@dev-env-ayush.iam.gserviceaccount.com",
            "member": "serviceAccount:cloudrun-finai@dev-env-ayush.iam.gserviceaccount.com",
            "project": "dev-env-ayush",
            "role": "roles/storage.objectViewer"
          },
          "sensitive_attributes": [],
          "private": "bnVsbA==",
          "dependencies": [
            "module.service_account.google_service_account.this"
          ]
        }
      ]
    },
    {
      "module": "module.secret_manager",
      "mode": "managed",
      "type": "google_project_iam_binding",
      "name": "storage_object_viewer",
      "provider": "provider[\"registry.terraform.io/hashicorp/google\"]",
      "instances": [
        {
          "schema_version": 0,
          "attributes": {
            "condition": [],
            "etag": "BwY6sepKw0c=",
            "id": "dev-env-ayush/roles/storage.objectViewer",
            "members": [
              "serviceAccount:cloudrun-finai@dev-env-ayush.iam.gserviceaccount.com"
            ],
            "project": "dev-env-ayush",
            "role": "roles/storage.objectViewer"
          },
          "sensitive_attributes": [],
          "private": "bnVsbA==",
          "dependencies": [
            "module.service_account.google_service_account.this"
          ]
        }
      ]
    },
    {
      "module": "module.secret_manager",
      "mode": "managed",
      "type": "google_project_iam_binding",
      "name": "tts_user",
      "provider": "provider[\"registry.terraform.io/hashicorp/google\"]",
      "instances": [
        {
          "schema_version": 0,
          "attributes": {
            "condition": [],
            "etag": "BwY6sepKw0c=",
            "id": "dev-env-ayush/roles/cloudtranslate.user",
            "members": [
              "serviceAccount:cloudrun-finai@dev-env-ayush.iam.gserviceaccount.com"
            ],
            "project": "dev-env-ayush",
            "role": "roles/cloudtranslate.user"
          },
          "sensitive_attributes": [],
          "private": "bnVsbA==",
          "dependencies": [
            "module.service_account.google_service_account.this"
          ]
        }
      ]
    },
    {
      "module": "module.secret_manager",
      "mode": "managed",
      "type": "google_project_iam_binding",
      "name": "vertex_ai_user",
      "provider": "provider[\"registry.terraform.io/hashicorp/google\"]",
      "instances": [
        {
          "schema_version": 0,
          "attributes": {
            "condition": [],
            "etag": "BwY6sepKw0c=",
            "id": "dev-env-ayush/roles/aiplatform.user",
            "members": [
              "serviceAccount:cloudrun-finai@dev-env-ayush.iam.gserviceaccount.com"
            ],
            "project": "dev-env-ayush",
            "role": "roles/aiplatform.user"
          },
          "sensitive_attributes": [],
          "private": "bnVsbA==",
          "dependencies": [
            "module.service_account.google_service_account.this"
          ]
        }
      ]
    },
    {
      "module": "module.secret_manager",
      "mode": "managed",
      "type": "google_project_iam_binding",
      "name": "vision_user",
      "provider": "provider[\"registry.terraform.io/hashicorp/google\"]",
      "instances": [
        {
          "schema_version": 0,
          "attributes": {
            "condition": [],
            "etag": "BwY6sepKw0c=",
            "id": "dev-env-ayush/roles/aiplatform.user",
            "members": [
              "serviceAccount:cloudrun-finai@dev-env-ayush.iam.gserviceaccount.com"
            ],
            "project": "dev-env-ayush",
            "role": "roles/aiplatform.user"
          },
          "sensitive_attributes": [],
          "private": "bnVsbA==",
          "dependencies": [
            "module.service_account.google_service_account.this"
          ]
        }
      ]
    },
    {
      "module": "module.secret_manager",
      "mode": "managed",
      "type": "google_secret_manager_secret",
      "name": "secret",
      "provider": "provider[\"registry.terraform.io/hashicorp/google\"]",
      "instances": [
        {
          "schema_version": 0,
          "attributes": {
            "annotations": {},
            "create_time": "2025-07-24T09:47:30.912532Z",
            "effective_annotations": {},
            "effective_labels": {},
            "expire_time": "",
            "id": "projects/dev-env-ayush/secrets/gemini-api-key",
            "labels": {},
            "name": "projects/938351863684/secrets/gemini-api-key",
            "project": "dev-env-ayush",
            "replication": [
              {
                "auto": [
                  {
                    "customer_managed_encryption": []
                  }
                ],
                "user_managed": []
              }
            ],
            "rotation": [],
            "secret_id": "gemini-api-key",
            "terraform_labels": {},
            "timeouts": null,
            "topics": [],
            "ttl": null,
            "version_aliases": {},
            "version_destroy_ttl": ""
          },
          "sensitive_attributes": [],
          "private": "eyJlMmJmYjczMC1lY2FhLTExZTYtOGY4OC0zNDM2M2JjN2M0YzAiOnsiY3JlYXRlIjoxMjAwMDAwMDAwMDAwLCJkZWxldGUiOjEyMDAwMDAwMDAwMDAsInVwZGF0ZSI6MTIwMDAwMDAwMDAwMH19"
        }
      ]
    },
    {
      "module": "module.secret_manager",
      "mode": "managed",
      "type": "google_secret_manager_secret_iam_binding",
      "name": "accessor",
      "provider": "provider[\"registry.terraform.io/hashicorp/google\"]",
      "instances": [
        {
          "schema_version": 0,
          "attributes": {
            "condition": [],
            "etag": "BwY6rRLcA6M=",
            "id": "projects/dev-env-ayush/secrets/gemini-api-key/roles/secretmanager.secretAccessor",
            "members": [
              "serviceAccount:cloudrun-finai@dev-env-ayush.iam.gserviceaccount.com"
            ],
            "project": "dev-env-ayush",
            "role": "roles/secretmanager.secretAccessor",
            "secret_id": "projects/dev-env-ayush/secrets/gemini-api-key"
          },
          "sensitive_attributes": [],
          "private": "bnVsbA==",
          "dependencies": [
            "module.secret_manager.google_secret_manager_secret.secret",
            "module.service_account.google_service_account.this"
          ]
        }
      ]
    },
    {
      "module": "module.secret_manager",
      "mode": "managed",
      "type": "google_secret_manager_secret_version",
      "name": "version",
      "provider": "provider[\"registry.terraform.io/hashicorp/google\"]",
      "instances": [
        {
          "index_key": 0,
          "schema_version": 0,
          "attributes": {
            "create_time": "2025-07-24T13:47:56.483641Z",
            "deletion_policy": "DELETE",
            "destroy_time": "",
            "enabled": true,
            "id": "projects/938351863684/secrets/gemini-api-key/versions/2",
            "is_secret_data_base64": false,
            "name": "projects/938351863684/secrets/gemini-api-key/versions/2",
            "secret": "projects/dev-env-ayush/secrets/gemini-api-key",
            "secret_data": "dummy-not-required",
            "timeouts": null,
            "version": "2"
          },
          "sensitive_attributes": [
            [
              {
                "type": "get_attr",
                "value": "secret_data"
              }
            ]
          ],
          "private": "eyJlMmJmYjczMC1lY2FhLTExZTYtOGY4OC0zNDM2M2JjN2M0YzAiOnsiY3JlYXRlIjoxMjAwMDAwMDAwMDAwLCJkZWxldGUiOjEyMDAwMDAwMDAwMDAsInVwZGF0ZSI6MTIwMDAwMDAwMDAwMH19",
          "dependencies": [
            "module.secret_manager.google_secret_manager_secret.secret"
          ]
        }
      ]
    },
    {
      "module": "module.service_account",
      "mode": "managed",
      "type": "google_project_iam_binding",
      "name": "secret_accessor",
      "provider": "provider[\"registry.terraform.io/hashicorp/google\"]",
      "instances": [
        {
          "schema_version": 0,
          "attributes": {
            "condition": [],
            "etag": "BwY6sepKw0c=",
            "id": "dev-env-ayush/roles/secretmanager.secretAccessor",
            "members": [
              "serviceAccount:cloudrun-finai@dev-env-ayush.iam.gserviceaccount.com"
            ],
            "project": "dev-env-ayush",
            "role": "roles/secretmanager.secretAccessor"
          },
          "sensitive_attributes": [],
          "private": "bnVsbA==",
          "dependencies": [
            "module.service_account.google_service_account.this"
          ]
        }
      ]
    },
    {
      "module": "module.service_account",
      "mode": "managed",
      "type": "google_service_account",
      "name": "this",
      "provider": "provider[\"registry.terraform.io/hashicorp/google\"]",
      "instances": [
        {
          "schema_version": 0,
          "attributes": {
            "account_id": "cloudrun-finai",
            "create_ignore_already_exists": null,
            "description": "",
            "disabled": false,
            "display_name": "Cloud Run Service Account for FinAI Mitra",
            "email": "cloudrun-finai@dev-env-ayush.iam.gserviceaccount.com",
            "id": "projects/dev-env-ayush/serviceAccounts/cloudrun-finai@dev-env-ayush.iam.gserviceaccount.com",
            "member": "serviceAccount:cloudrun-finai@dev-env-ayush.iam.gserviceaccount.com",
            "name": "projects/dev-env-ayush/serviceAccounts/cloudrun-finai@dev-env-ayush.iam.gserviceaccount.com",
            "project": "dev-env-ayush",
            "timeouts": null,
            "unique_id": "104679460649973200059"
          },
          "sensitive_attributes": [],
          "private": "eyJlMmJmYjczMC1lY2FhLTExZTYtOGY4OC0zNDM2M2JjN2M0YzAiOnsiY3JlYXRlIjozMDAwMDAwMDAwMDB9fQ=="
        }
      ]
    },
    {
      "module": "module.storage",
      "mode": "managed",
      "type": "google_storage_bucket",
      "name": "feedback",
      "provider": "provider[\"registry.terraform.io/hashicorp/google\"]",
      "instances": [
        {
          "schema_version": 2,
          "attributes": {
            "autoclass": [],
            "cors": [],
            "custom_placement_config": [],
            "default_event_based_hold": false,
            "effective_labels": {},
            "enable_object_retention": false,
            "encryption": [],
            "force_destroy": true,
            "id": "finai-feedback",
            "labels": {},
            "lifecycle_rule": [],
            "location": "US-CENTRAL1",
            "logging": [],
            "name": "finai-feedback",
            "project": "dev-env-ayush",
            "project_number": 938351863684,
            "public_access_prevention": "inherited",
            "requester_pays": false,
            "retention_policy": [],
            "rpo": null,
            "self_link": "https://www.googleapis.com/storage/v1/b/finai-feedback",
            "soft_delete_policy": [
              {
                "effective_time": "2025-07-24T05:36:54.294Z",
                "retention_duration_seconds": 604800
              }
            ],
            "storage_class": "STANDARD",
            "terraform_labels": {},
            "timeouts": null,
            "uniform_bucket_level_access": true,
            "url": "gs://finai-feedback",
            "versioning": [],
            "website": []
          },
          "sensitive_attributes": [],
          "private": "eyJlMmJmYjczMC1lY2FhLTExZTYtOGY4OC0zNDM2M2JjN2M0YzAiOnsiY3JlYXRlIjo2MDAwMDAwMDAwMDAsInJlYWQiOjI0MDAwMDAwMDAwMCwidXBkYXRlIjoyNDAwMDAwMDAwMDB9LCJzY2hlbWFfdmVyc2lvbiI6IjIifQ=="
        }
      ]
    }
  ],
  "check_results": null
}
